
Microsoft Visual Studio Solution File, Format Version 12.00
# Visual Studio 15
VisualStudioVersion = 15.0.28307.329
MinimumVisualStudioVersion = 10.0.40219.1
Project("{FAE04EC0-301F-11D3-BF4B-00C04F79EFBC}") = "MS-Razor", "MS-Razor\MS-Razor.csproj", "{D8CFF3C4-3476-48D0-96EB-6C23DBED1403}"
EndProject
Global
	GlobalSection(SolutionConfigurationPlatforms) = preSolution
		Debug|Any CPU = Debug|Any CPU
		Release|Any CPU = Release|Any CPU
	EndGlobalSection
	GlobalSection(ProjectConfigurationPlatforms) = postSolution
		{D8CFF3C4-3476-48D0-96EB-6C23DBED1403}.Debug|Any CPU.ActiveCfg = Debug|Any CPU
		{D8CFF3C4-3476-48D0-96EB-6C23DBED1403}.Debug|Any CPU.Build.0 = Debug|Any CPU
		{D8CFF3C4-3476-48D0-96EB-6C23DBED1403}.Release|Any CPU.ActiveCfg = Release|Any CPU
		{D8CFF3C4-3476-48D0-96EB-6C23DBED1403}.Release|Any CPU.Build.0 = Release|Any CPU
	EndGlobalSection
	GlobalSection(SolutionProperties) = preSolution
		HideSolutionNode = FALSE
	EndGlobalSection
	GlobalSection(ExtensibilityGlobals) = postSolution
		SolutionGuid = {AE8FC6B6-6EFE-42CF-AD9C-17955DE46768}
	EndGlobalSection
EndGlobal
